// !$*UTF8*$!
{
	archiveVersion = 1;
	classes = {
	};
	objectVersion = 50;
	objects = {

/* Begin PBXBuildFile section */
		5640EA702680CD2200EE573C /* AppDelegate.swift in Sources */ = {isa = PBXBuildFile; fileRef = 5640EA6F2680CD2200EE573C /* AppDelegate.swift */; };
		5640EA722680CD2200EE573C /* SceneDelegate.swift in Sources */ = {isa = PBXBuildFile; fileRef = 5640EA712680CD2200EE573C /* SceneDelegate.swift */; };
		5640EA742680CD2200EE573C /* ViewController.swift in Sources */ = {isa = PBXBuildFile; fileRef = 5640EA732680CD2200EE573C /* ViewController.swift */; };
		5640EA772680CD2200EE573C /* Main.storyboard in Resources */ = {isa = PBXBuildFile; fileRef = 5640EA752680CD2200EE573C /* Main.storyboard */; };
		5640EA792680CD2400EE573C /* Assets.xcassets in Resources */ = {isa = PBXBuildFile; fileRef = 5640EA782680CD2400EE573C /* Assets.xcassets */; };
		5640EA7C2680CD2400EE573C /* LaunchScreen.storyboard in Resources */ = {isa = PBXBuildFile; fileRef = 5640EA7A2680CD2400EE573C /* LaunchScreen.storyboard */; };
/* End PBXBuildFile section */

/* Begin PBXFileReference section */
		5640EA6C2680CD2200EE573C /* ConcatenateFirstandLastNameintoOneString.app */ = {isa = PBXFileReference; explicitFileType = wrapper.application; includeInIndex = 0; path = ConcatenateFirstandLastNameintoOneString.app; sourceTree = BUILT_PRODUCTS_DIR; };
		5640EA6F2680CD2200EE573C /* AppDelegate.swift */ = {isa = PBXFileReference; lastKnownFileType = sourcecode.swift; path = AppDelegate.swift; sourceTree = "<group>"; };
		5640EA712680CD2200EE573C /* SceneDelegate.swift */ = {isa = PBXFileReference; lastKnownFileType = sourcecode.swift; path = SceneDelegate.swift; sourceTree = "<group>"; };
		5640EA732680CD2200EE573C /* ViewController.swift */ = {isa = PBXFileReference; lastKnownFileType = sourcecode.swift; path = ViewController.swift; sourceTree = "<group>"; };
		5640EA762680CD2200EE573C /* Base */ = {isa = PBXFileReference; lastKnownFileType = file.storyboard; name = Base; path = Base.lproj/Main.storyboard; sourceTree = "<group>"; };
		5640EA782680CD2400EE573C /* Assets.xcassets */ = {isa = PBXFileReference; lastKnownFileType = folder.assetcatalog; path = Assets.xcassets; sourceTree = "<group>"; };
		5640EA7B2680CD2400EE573C /* Base */ = {isa = PBXFileReference; lastKnownFileType = file.storyboard; name = Base; path = Base.lproj/LaunchScreen.storyboard; sourceTree = "<group>"; };
		5640EA7D2680CD2400EE573C /* Info.plist */ = {isa = PBXFileReference; lastKnownFileType = text.plist.xml; path = Info.plist; sourceTree = "<group>"; };
/* End PBXFileReference section */

/* Begin PBXFrameworksBuildPhase section */
		5640EA692680CD2200EE573C /* Frameworks */ = {
			isa = PBXFrameworksBuildPhase;
			buildActionMask = 2147483647;
			files = (
			);
			runOnlyForDeploymentPostprocessing = 0;
		};
/* End PBXFrameworksBuildPhase section */

/* Begin PBXGroup section */
		5640EA632680CD2200EE573C = {
			isa = PBXGroup;
			children = (
				5640EA6E2680CD2200EE573C /* ConcatenateFirstandLastNameintoOneString */,
				5640EA6D2680CD2200EE573C /* Products */,
			);
			sourceTree = "<group>";
		};
		5640EA6D2680CD2200EE573C /* Products */ = {
			isa = PBXGroup;
			children = (
				5640EA6C2680CD2200EE573C /* ConcatenateFirstandLastNameintoOneString.app */,
			);
			name = Products;
			sourceTree = "<group>";
		};
		5640EA6E2680CD2200EE573C /* ConcatenateFirstandLastNameintoOneString */ = {
			isa = PBXGroup;
			children = (
				5640EA6F2680CD2200EE573C /* AppDelegate.swift */,
				5640EA712680CD2200EE573C /* SceneDelegate.swift */,
				5640EA732680CD2200EE573C /* ViewController.swift */,
				5640EA752680CD2200EE573C /* Main.storyboard */,
				5640EA782680CD2400EE573C /* Assets.xcassets */,
				5640EA7A2680CD2400EE573C /* LaunchScreen.storyboard */,
				5640EA7D2680CD2400EE573C /* Info.plist */,
			);
			path = ConcatenateFirstandLastNameintoOneString;
			sourceTree = "<group>";
		};
/* End PBXGroup section */

/* Begin PBXNativeTarget section */
		5640EA6B2680CD2200EE573C /* ConcatenateFirstandLastNameintoOneString */ = {
			isa = PBXNativeTarget;
			buildConfigurationList = 5640EA802680CD2400EE573C /* Build configuration list for PBXNativeTarget "ConcatenateFirstandLastNameintoOneString" */;
			buildPhases = (
				5640EA682680CD2200EE573C /* Sources */,
				5640EA692680CD2200EE573C /* Frameworks */,
				5640EA6A2680CD2200EE573C /* Resources */,
			);
			buildRules = (
			);
			dependencies = (
			);
			name = ConcatenateFirstandLastNameintoOneString;
			productName = ConcatenateFirstandLastNameintoOneString;
			productReference = 5640EA6C2680CD2200EE573C /* ConcatenateFirstandLastNameintoOneString.app */;
			productType = "com.apple.product-type.application";
		};
/* End PBXNativeTarget section */

/* Begin PBXProject section */
		5640EA642680CD2200EE573C /* Project object */ = {
			isa = PBXProject;
			attributes = {
				LastSwiftUpdateCheck = 1240;
				LastUpgradeCheck = 1240;
				TargetAttributes = {
					5640EA6B2680CD2200EE573C = {
						CreatedOnToolsVersion = 12.4;
					};
				};
			};
			buildConfigurationList = 5640EA672680CD2200EE573C /* Build configuration list for PBXProject "ConcatenateFirstandLastNameintoOneString" */;
			compatibilityVersion = "Xcode 9.3";
			developmentRegion = en;
			hasScannedForEncodings = 0;
			knownRegions = (
				en,
				Base,
			);
			mainGroup = 5640EA632680CD2200EE573C;
			productRefGroup = 5640EA6D2680CD2200EE573C /* Products */;
			projectDirPath = "";
			projectRoot = "";
			targets = (
				5640EA6B2680CD2200EE573C /* ConcatenateFirstandLastNameintoOneString */,
			);
		};
/* End PBXProject section */

/* Begin PBXResourcesBuildPhase section */
		5640EA6A2680CD2200EE573C /* Resources */ = {
			isa = PBXResourcesBuildPhase;
			buildActionMask = 2147483647;
			files = (
				5640EA7C2680CD2400EE573C /* LaunchScreen.storyboard in Resources */,
				5640EA792680CD2400EE573C /* Assets.xcassets in Resources */,
				5640EA772680CD2200EE573C /* Main.storyboard in Resources */,
			);
			runOnlyForDeploymentPostprocessing = 0;
		};
/* End PBXResourcesBuildPhase section */

/* Begin PBXSourcesBuildPhase section */
		5640EA682680CD2200EE573C /* Sources */ = {
			isa = PBXSourcesBuildPhase;
			buildActionMask = 2147483647;
			files = (
				5640EA742680CD2200EE573C /* ViewController.swift in Sources */,
				5640EA702680CD2200EE573C /* AppDelegate.swift in Sources */,
				5640EA722680CD2200EE573C /* SceneDelegate.swift in Sources */,
			);
			runOnlyForDeploymentPostprocessing = 0;
		};
/* End PBXSourcesBuildPhase section */

/* Begin PBXVariantGroup section */
		5640EA752680CD2200EE573C /* Main.storyboard */ = {
			isa = PBXVariantGroup;
			children = (
				5640EA762680CD2200EE573C /* Base */,
			);
			name = Main.storyboard;
			sourceTree = "<group>";
		};
		5640EA7A2680CD2400EE573C /* LaunchScreen.storyboard */ = {
			isa = PBXVariantGroup;
			children = (
				5640EA7B2680CD2400EE573C /* Base */,
			);
			name = LaunchScreen.storyboard;
			sourceTree = "<group>";
		};
/* End PBXVariantGroup section */

/* Begin XCBuildConfiguration section */
		5640EA7E2680CD2400EE573C /* Debug */ = {
			isa = XCBuildConfiguration;
			buildSettings = {
				ALWAYS_SEARCH_USER_PATHS = NO;
				CLANG_ANALYZER_NONNULL = YES;
				CLANG_ANALYZER_NUMBER_OBJECT_CONVERSION = YES_AGGRESSIVE;
				CLANG_CXX_LANGUAGE_STANDARD = "gnu++14";
				CLANG_CXX_LIBRARY = "libc++";
				CLANG_ENABLE_MODULES = YES;
				CLANG_ENABLE_OBJC_ARC = YES;
				CLANG_ENABLE_OBJC_WEAK = YES;
				CLANG_WARN_BLOCK_CAPTURE_AUTORELEASING = YES;
				CLANG_WARN_BOOL_CONVERSION = YES;
				CLANG_WARN_COMMA = YES;
				CLANG_WARN_CONSTANT_CONVERSION = YES;
				CLANG_WARN_DEPRECATED_OBJC_IMPLEMENTATIONS = YES;
				CLANG_WARN_DIRECT_OBJC_ISA_USAGE = YES_ERROR;
				CLANG_WARN_DOCUMENTATION_COMMENTS = YES;
				CLANG_WARN_EMPTY_BODY = YES;
				CLANG_WARN_ENUM_CONVERSION = YES;
				CLANG_WARN_INFINITE_RECURSION = YES;
				CLANG_WARN_INT_CONVERSION = YES;
				CLANG_WARN_NON_LITERAL_NULL_CONVERSION = YES;
				CLANG_WARN_OBJC_IMPLICIT_RETAIN_SELF = YES;
				CLANG_WARN_OBJC_LITERAL_CONVERSION = YES;
				CLANG_WARN_OBJC_ROOT_CLASS = YES_ERROR;
				CLANG_WARN_QUOTED_INCLUDE_IN_FRAMEWORK_HEADER = YES;
				CLANG_WARN_RANGE_LOOP_ANALYSIS = YES;
				CLANG_WARN_STRICT_PROTOTYPES = YES;
				CLANG_WARN_SUSPICIOUS_MOVE = YES;
				CLANG_WARN_UNGUARDED_AVAILABILITY = YES_AGGRESSIVE;
				CLANG_WARN_UNREACHABLE_CODE = YES;
				CLANG_WARN__DUPLICATE_METHOD_MATCH = YES;
				COPY_PHASE_STRIP = NO;
				DEBUG_INFORMATION_FORMAT = dwarf;
				ENABLE_STRICT_OBJC_MSGSEND = YES;
				ENABLE_TESTABILITY = YES;
				GCC_C_LANGUAGE_STANDARD = gnu11;
				GCC_DYNAMIC_NO_PIC = NO;
				GCC_NO_COMMON_BLOCKS = YES;
				GCC_OPTIMIZATION_LEVEL = 0;
				GCC_PREPROCESSOR_DEFINITIONS = (
					"DEBUG=1",
					"$(inherited)",
				);
				GCC_WARN_64_TO_32_BIT_CONVERSION = YES;
				GCC_WARN_ABOUT_RETURN_TYPE = YES_ERROR;
				GCC_WARN_UNDECLARED_SELECTOR = YES;
				GCC_WARN_UNINITIALIZED_AUTOS = YES_AGGRESSIVE;
				GCC_WARN_UNUSED_FUNCTION = YES;
				GCC_WARN_UNUSED_VARIABLE = YES;
				IPHONEOS_DEPLOYMENT_TARGET = 14.4;
				MTL_ENABLE_DEBUG_INFO = INCLUDE_SOURCE;
				MTL_FAST_MATH = YES;
				ONLY_ACTIVE_ARCH = YES;
				SDKROOT = iphoneos;
				SWIFT_ACTIVE_COMPILATION_CONDITIONS = DEBUG;
				SWIFT_OPTIMIZATION_LEVEL = "-Onone";
			};
			name = Debug;
		};
		5640EA7F2680CD2400EE573C /* Release */ = {
			isa = XCBuildConfiguration;
			buildSettings = {
				ALWAYS_SEARCH_USER_PATHS = NO;
				CLANG_ANALYZER_NONNULL = YES;
				CLANG_ANALYZER_NUMBER_OBJECT_CONVERSION = YES_AGGRESSIVE;
				CLANG_CXX_LANGUAGE_STANDARD = "gnu++14";
				CLANG_CXX_LIBRARY = "libc++";
				CLANG_ENABLE_MODULES = YES;
				CLANG_ENABLE_OBJC_ARC = YES;
				CLANG_ENABLE_OBJC_WEAK = YES;
				CLANG_WARN_BLOCK_CAPTURE_AUTORELEASING = YES;
				CLANG_WARN_BOOL_CONVERSION = YES;
				CLANG_WARN_COMMA = YES;
				CLANG_WARN_CONSTANT_CONVERSION = YES;
				CLANG_WARN_DEPRECATED_OBJC_IMPLEMENTATIONS = YES;
				CLANG_WARN_DIRECT_OBJC_ISA_USAGE = YES_ERROR;
				CLANG_WARN_DOCUMENTATION_COMMENTS = YES;
				CLANG_WARN_EMPTY_BODY = YES;
				CLANG_WARN_ENUM_CONVERSION = YES;
				CLANG_WARN_INFINITE_RECURSION = YES;
				CLANG_WARN_INT_CONVERSION = YES;
				CLANG_WARN_NON_LITERAL_NULL_CONVERSION = YES;
				CLANG_WARN_OBJC_IMPLICIT_RETAIN_SELF = YES;
				CLANG_WARN_OBJC_LITERAL_CONVERSION = YES;
				CLANG_WARN_OBJC_ROOT_CLASS = YES_ERROR;
				CLANG_WARN_QUOTED_INCLUDE_IN_FRAMEWORK_HEADER = YES;
				CLANG_WARN_RANGE_LOOP_ANALYSIS = YES;
				CLANG_WARN_STRICT_PROTOTYPES = YES;
				CLANG_WARN_SUSPICIOUS_MOVE = YES;
				CLANG_WARN_UNGUARDED_AVAILABILITY = YES_AGGRESSIVE;
				CLANG_WARN_UNREACHABLE_CODE = YES;
				CLANG_WARN__DUPLICATE_METHOD_MATCH = YES;
				COPY_PHASE_STRIP = NO;
				DEBUG_INFORMATION_FORMAT = "dwarf-with-dsym";
				ENABLE_NS_ASSERTIONS = NO;
				ENABLE_STRICT_OBJC_MSGSEND = YES;
				GCC_C_LANGUAGE_STANDARD = gnu11;
				GCC_NO_COMMON_BLOCKS = YES;
				GCC_WARN_64_TO_32_BIT_CONVERSION = YES;
				GCC_WARN_ABOUT_RETURN_TYPE = YES_ERROR;
				GCC_WARN_UNDECLARED_SELECTOR = YES;
				GCC_WARN_UNINITIALIZED_AUTOS = YES_AGGRESSIVE;
				GCC_WARN_UNUSED_FUNCTION = YES;
				GCC_WARN_UNUSED_VARIABLE = YES;
				IPHONEOS_DEPLOYMENT_TARGET = 14.4;
				MTL_ENABLE_DEBUG_INFO = NO;
				MTL_FAST_MATH = YES;
				SDKROOT = iphoneos;
				SWIFT_COMPILATION_MODE = wholemodule;
				SWIFT_OPTIMIZATION_LEVEL = "-O";
				VALIDATE_PRODUCT = YES;
			};
			name = Release;
		};
		5640EA812680CD2400EE573C /* Debug */ = {
			isa = XCBuildConfiguration;
			buildSettings = {
				ASSETCATALOG_COMPILER_APPICON_NAME = AppIcon;
				ASSETCATALOG_COMPILER_GLOBAL_ACCENT_COLOR_NAME = AccentColor;
				CODE_SIGN_STYLE = Automatic;
				INFOPLIST_FILE = ConcatenateFirstandLastNameintoOneString/Info.plist;
				LD_RUNPATH_SEARCH_PATHS = (
					"$(inherited)",
					"@executable_path/Frameworks",
				);
				PRODUCT_BUNDLE_IDENTIFIER = DanielIgnacio.ConcatenateFirstandLastNameintoOneString;
				PRODUCT_NAME = "$(TARGET_NAME)";
				SWIFT_VERSION = 5.0;
				TARGETED_DEVICE_FAMILY = "1,2";
			};
			name = Debug;
		};
		5640EA822680CD2400EE573C /* Release */ = {
			isa = XCBuildConfiguration;
			buildSettings = {
				ASSETCATALOG_COMPILER_APPICON_NAME = AppIcon;
				ASSETCATALOG_COMPILER_GLOBAL_ACCENT_COLOR_NAME = AccentColor;
				CODE_SIGN_STYLE = Automatic;
				INFOPLIST_FILE = ConcatenateFirstandLastNameintoOneString/Info.plist;
				LD_RUNPATH_SEARCH_PATHS = (
					"$(inherited)",
					"@executable_path/Frameworks",
				);
				PRODUCT_BUNDLE_IDENTIFIER = DanielIgnacio.ConcatenateFirstandLastNameintoOneString;
				PRODUCT_NAME = "$(TARGET_NAME)";
				SWIFT_VERSION = 5.0;
				TARGETED_DEVICE_FAMILY = "1,2";
			};
			name = Release;
		};
/* End XCBuildConfiguration section */

/* Begin XCConfigurationList section */
		5640EA672680CD2200EE573C /* Build configuration list for PBXProject "ConcatenateFirstandLastNameintoOneString" */ = {
			isa = XCConfigurationList;
			buildConfigurations = (
				5640EA7E2680CD2400EE573C /* Debug */,
				5640EA7F2680CD2400EE573C /* Release */,
			);
			defaultConfigurationIsVisible = 0;
			defaultConfigurationName = Release;
		};
		5640EA802680CD2400EE573C /* Build configuration list for PBXNativeTarget "ConcatenateFirstandLastNameintoOneString" */ = {
			isa = XCConfigurationList;
			buildConfigurations = (
				5640EA812680CD2400EE573C /* Debug */,
				5640EA822680CD2400EE573C /* Release */,
			);
			defaultConfigurationIsVisible = 0;
			defaultConfigurationName = Release;
		};
/* End XCConfigurationList section */
	};
	rootObject = 5640EA642680CD2200EE573C /* Project object */;
}
